{
  "object": {
    "pins": [
      {
        "package": "TRETJapanNFCReader",
        "repositoryURL": "https://github.com/treastrain/TRETJapanNFCReader",
        "state": {
          "branch": null,
          "revision": "37f1e3e2c055eb1281eca3e9f66a8f979fbb1645",
          "version": "1.0.3"
        }
      }
    ]
  },
  "version": 1
}
